
Microsoft Visual Studio Solution File, Format Version 12.00
# Visual Studio 15
VisualStudioVersion = 15.0.28307.136
MinimumVisualStudioVersion = 10.0.40219.1
Project("{FAE04EC0-301F-11D3-BF4B-00C04F79EFBC}") = "AICP_Exercise", "AICP_Exercise\AICP_Exercise.csproj", "{8603CEB4-7F6E-4910-B218-1E25D2ED1AFB}"
EndProject
Global
	GlobalSection(SolutionConfigurationPlatforms) = preSolution
		Debug|Any CPU = Debug|Any CPU
		Release|Any CPU = Release|Any CPU
	EndGlobalSection
	GlobalSection(ProjectConfigurationPlatforms) = postSolution
		{8603CEB4-7F6E-4910-B218-1E25D2ED1AFB}.Debug|Any CPU.ActiveCfg = Debug|Any CPU
		{8603CEB4-7F6E-4910-B218-1E25D2ED1AFB}.Debug|Any CPU.Build.0 = Debug|Any CPU
		{8603CEB4-7F6E-4910-B218-1E25D2ED1AFB}.Release|Any CPU.ActiveCfg = Release|Any CPU
		{8603CEB4-7F6E-4910-B218-1E25D2ED1AFB}.Release|Any CPU.Build.0 = Release|Any CPU
	EndGlobalSection
	GlobalSection(SolutionProperties) = preSolution
		HideSolutionNode = FALSE
	EndGlobalSection
	GlobalSection(ExtensibilityGlobals) = postSolution
		SolutionGuid = {B7F8431A-DC89-4752-A476-B1209E8E6BAC}
	EndGlobalSection
EndGlobal
