
Microsoft Visual Studio Solution File, Format Version 12.00
# Visual Studio 15
VisualStudioVersion = 15.0.28307.136
MinimumVisualStudioVersion = 10.0.40219.1
Project("{FAE04EC0-301F-11D3-BF4B-00C04F79EFBC}") = "ArraysAndStringsExercise", "ArraysAndStringsExercise\ArraysAndStringsExercise.csproj", "{CBFE442A-4A6D-4CFD-9770-49FFE77FDBAE}"
EndProject
Global
	GlobalSection(SolutionConfigurationPlatforms) = preSolution
		Debug|Any CPU = Debug|Any CPU
		Release|Any CPU = Release|Any CPU
	EndGlobalSection
	GlobalSection(ProjectConfigurationPlatforms) = postSolution
		{CBFE442A-4A6D-4CFD-9770-49FFE77FDBAE}.Debug|Any CPU.ActiveCfg = Debug|Any CPU
		{CBFE442A-4A6D-4CFD-9770-49FFE77FDBAE}.Debug|Any CPU.Build.0 = Debug|Any CPU
		{CBFE442A-4A6D-4CFD-9770-49FFE77FDBAE}.Release|Any CPU.ActiveCfg = Release|Any CPU
		{CBFE442A-4A6D-4CFD-9770-49FFE77FDBAE}.Release|Any CPU.Build.0 = Release|Any CPU
	EndGlobalSection
	GlobalSection(SolutionProperties) = preSolution
		HideSolutionNode = FALSE
	EndGlobalSection
	GlobalSection(ExtensibilityGlobals) = postSolution
		SolutionGuid = {BE1D2375-CB8F-45C1-9B6D-80BF094004D4}
	EndGlobalSection
EndGlobal
