
Microsoft Visual Studio Solution File, Format Version 12.00
# Visual Studio 15
VisualStudioVersion = 15.0.28307.136
MinimumVisualStudioVersion = 10.0.40219.1
Project("{FAE04EC0-301F-11D3-BF4B-00C04F79EFBC}") = "LoggingExercise", "LoggingExercise\LoggingExercise.csproj", "{58F590F2-95D9-4CC2-9783-8B81521DC7D5}"
EndProject
Global
	GlobalSection(SolutionConfigurationPlatforms) = preSolution
		Debug|Any CPU = Debug|Any CPU
		Release|Any CPU = Release|Any CPU
	EndGlobalSection
	GlobalSection(ProjectConfigurationPlatforms) = postSolution
		{58F590F2-95D9-4CC2-9783-8B81521DC7D5}.Debug|Any CPU.ActiveCfg = Debug|Any CPU
		{58F590F2-95D9-4CC2-9783-8B81521DC7D5}.Debug|Any CPU.Build.0 = Debug|Any CPU
		{58F590F2-95D9-4CC2-9783-8B81521DC7D5}.Release|Any CPU.ActiveCfg = Release|Any CPU
		{58F590F2-95D9-4CC2-9783-8B81521DC7D5}.Release|Any CPU.Build.0 = Release|Any CPU
	EndGlobalSection
	GlobalSection(SolutionProperties) = preSolution
		HideSolutionNode = FALSE
	EndGlobalSection
	GlobalSection(ExtensibilityGlobals) = postSolution
		SolutionGuid = {DCF086EB-FA84-485F-8703-65FE29ED25C7}
	EndGlobalSection
EndGlobal
